// !$*UTF8*$!
{
	archiveVersion = 1;
	classes = {
	};
	objectVersion = 46;
	objects = {

/* Begin PBXBuildFile section */
		42F69DDE1C31FE3F005082C1 /* layer.cpp in Sources */ = {isa = PBXBuildFile; fileRef = 42F69DD51C31FE3F005082C1 /* layer.cpp */; };
		42F69DDF1C31FE3F005082C1 /* main.cpp in Sources */ = {isa = PBXBuildFile; fileRef = 42F69DD71C31FE3F005082C1 /* main.cpp */; };
		42F69DE01C31FE3F005082C1 /* net.cpp in Sources */ = {isa = PBXBuildFile; fileRef = 42F69DD81C31FE3F005082C1 /* net.cpp */; };
		42F69DE11C31FE3F005082C1 /* neuron.cpp in Sources */ = {isa = PBXBuildFile; fileRef = 42F69DDA1C31FE3F005082C1 /* neuron.cpp */; };
		42F69DE21C31FE3F005082C1 /* poolinglayer.cpp in Sources */ = {isa = PBXBuildFile; fileRef = 42F69DDC1C31FE3F005082C1 /* poolinglayer.cpp */; };
		42F69DE61C3297B4005082C1 /* convolutionlayer.cpp in Sources */ = {isa = PBXBuildFile; fileRef = 42F69DE41C3297B4005082C1 /* convolutionlayer.cpp */; };
/* End PBXBuildFile section */

/* Begin PBXCopyFilesBuildPhase section */
		42F69DB51C31FDAC005082C1 /* CopyFiles */ = {
			isa = PBXCopyFilesBuildPhase;
			buildActionMask = 2147483647;
			dstPath = /usr/share/man/man1/;
			dstSubfolderSpec = 0;
			files = (
			);
			runOnlyForDeploymentPostprocessing = 1;
		};
/* End PBXCopyFilesBuildPhase section */

/* Begin PBXFileReference section */
		42F69DB71C31FDAC005082C1 /* ConvolutionalNeuralNetwork */ = {isa = PBXFileReference; explicitFileType = "compiled.mach-o.executable"; includeInIndex = 0; path = ConvolutionalNeuralNetwork; sourceTree = BUILT_PRODUCTS_DIR; };
		42F69DD51C31FE3F005082C1 /* layer.cpp */ = {isa = PBXFileReference; fileEncoding = 4; lastKnownFileType = sourcecode.cpp.cpp; path = layer.cpp; sourceTree = "<group>"; };
		42F69DD61C31FE3F005082C1 /* layer.h */ = {isa = PBXFileReference; fileEncoding = 4; lastKnownFileType = sourcecode.c.h; path = layer.h; sourceTree = "<group>"; };
		42F69DD71C31FE3F005082C1 /* main.cpp */ = {isa = PBXFileReference; fileEncoding = 4; lastKnownFileType = sourcecode.cpp.cpp; path = main.cpp; sourceTree = "<group>"; };
		42F69DD81C31FE3F005082C1 /* net.cpp */ = {isa = PBXFileReference; fileEncoding = 4; lastKnownFileType = sourcecode.cpp.cpp; path = net.cpp; sourceTree = "<group>"; };
		42F69DD91C31FE3F005082C1 /* net.h */ = {isa = PBXFileReference; fileEncoding = 4; lastKnownFileType = sourcecode.c.h; path = net.h; sourceTree = "<group>"; };
		42F69DDA1C31FE3F005082C1 /* neuron.cpp */ = {isa = PBXFileReference; fileEncoding = 4; lastKnownFileType = sourcecode.cpp.cpp; path = neuron.cpp; sourceTree = "<group>"; };
		42F69DDB1C31FE3F005082C1 /* neuron.h */ = {isa = PBXFileReference; fileEncoding = 4; lastKnownFileType = sourcecode.c.h; path = neuron.h; sourceTree = "<group>"; };
		42F69DDC1C31FE3F005082C1 /* poolinglayer.cpp */ = {isa = PBXFileReference; fileEncoding = 4; lastKnownFileType = sourcecode.cpp.cpp; path = poolinglayer.cpp; sourceTree = "<group>"; };
		42F69DDD1C31FE3F005082C1 /* poolinglayer.h */ = {isa = PBXFileReference; fileEncoding = 4; lastKnownFileType = sourcecode.c.h; path = poolinglayer.h; sourceTree = "<group>"; };
		42F69DE31C31FED1005082C1 /* helpers.h */ = {isa = PBXFileReference; fileEncoding = 4; lastKnownFileType = sourcecode.c.h; path = helpers.h; sourceTree = "<group>"; };
		42F69DE41C3297B4005082C1 /* convolutionlayer.cpp */ = {isa = PBXFileReference; fileEncoding = 4; lastKnownFileType = sourcecode.cpp.cpp; path = convolutionlayer.cpp; sourceTree = "<group>"; };
		42F69DE51C3297B4005082C1 /* convolutionlayer.h */ = {isa = PBXFileReference; fileEncoding = 4; lastKnownFileType = sourcecode.c.h; path = convolutionlayer.h; sourceTree = "<group>"; };
/* End PBXFileReference section */

/* Begin PBXFrameworksBuildPhase section */
		42F69DB41C31FDAC005082C1 /* Frameworks */ = {
			isa = PBXFrameworksBuildPhase;
			buildActionMask = 2147483647;
			files = (
			);
			runOnlyForDeploymentPostprocessing = 0;
		};
/* End PBXFrameworksBuildPhase section */

/* Begin PBXGroup section */
		42F69DAE1C31FDAC005082C1 = {
			isa = PBXGroup;
			children = (
				42F69DD41C31FE3F005082C1 /* src */,
				42F69DB81C31FDAC005082C1 /* Products */,
			);
			sourceTree = "<group>";
		};
		42F69DB81C31FDAC005082C1 /* Products */ = {
			isa = PBXGroup;
			children = (
				42F69DB71C31FDAC005082C1 /* ConvolutionalNeuralNetwork */,
			);
			name = Products;
			sourceTree = "<group>";
		};
		42F69DD41C31FE3F005082C1 /* src */ = {
			isa = PBXGroup;
			children = (
				42F69DE31C31FED1005082C1 /* helpers.h */,
				42F69DD71C31FE3F005082C1 /* main.cpp */,
				42F69DD61C31FE3F005082C1 /* layer.h */,
				42F69DD51C31FE3F005082C1 /* layer.cpp */,
				42F69DD91C31FE3F005082C1 /* net.h */,
				42F69DD81C31FE3F005082C1 /* net.cpp */,
				42F69DDB1C31FE3F005082C1 /* neuron.h */,
				42F69DDA1C31FE3F005082C1 /* neuron.cpp */,
				42F69DDD1C31FE3F005082C1 /* poolinglayer.h */,
				42F69DDC1C31FE3F005082C1 /* poolinglayer.cpp */,
				42F69DE51C3297B4005082C1 /* convolutionlayer.h */,
				42F69DE41C3297B4005082C1 /* convolutionlayer.cpp */,
			);
			path = src;
			sourceTree = "<group>";
		};
/* End PBXGroup section */

/* Begin PBXNativeTarget section */
		42F69DB61C31FDAC005082C1 /* ConvolutionalNeuralNetwork */ = {
			isa = PBXNativeTarget;
			buildConfigurationList = 42F69DBE1C31FDAC005082C1 /* Build configuration list for PBXNativeTarget "ConvolutionalNeuralNetwork" */;
			buildPhases = (
				42F69DB31C31FDAC005082C1 /* Sources */,
				42F69DB41C31FDAC005082C1 /* Frameworks */,
				42F69DB51C31FDAC005082C1 /* CopyFiles */,
			);
			buildRules = (
			);
			dependencies = (
			);
			name = ConvolutionalNeuralNetwork;
			productName = ConvolutionalNeuralNetwork;
			productReference = 42F69DB71C31FDAC005082C1 /* ConvolutionalNeuralNetwork */;
			productType = "com.apple.product-type.tool";
		};
/* End PBXNativeTarget section */

/* Begin PBXProject section */
		42F69DAF1C31FDAC005082C1 /* Project object */ = {
			isa = PBXProject;
			attributes = {
				LastUpgradeCheck = 0720;
				ORGANIZATIONNAME = JanHalozan;
				TargetAttributes = {
					42F69DB61C31FDAC005082C1 = {
						CreatedOnToolsVersion = 7.2;
					};
				};
			};
			buildConfigurationList = 42F69DB21C31FDAC005082C1 /* Build configuration list for PBXProject "ConvolutionalNeuralNetwork" */;
			compatibilityVersion = "Xcode 3.2";
			developmentRegion = English;
			hasScannedForEncodings = 0;
			knownRegions = (
				en,
			);
			mainGroup = 42F69DAE1C31FDAC005082C1;
			productRefGroup = 42F69DB81C31FDAC005082C1 /* Products */;
			projectDirPath = "";
			projectRoot = "";
			targets = (
				42F69DB61C31FDAC005082C1 /* ConvolutionalNeuralNetwork */,
			);
		};
/* End PBXProject section */

/* Begin PBXSourcesBuildPhase section */
		42F69DB31C31FDAC005082C1 /* Sources */ = {
			isa = PBXSourcesBuildPhase;
			buildActionMask = 2147483647;
			files = (
				42F69DE61C3297B4005082C1 /* convolutionlayer.cpp in Sources */,
				42F69DE01C31FE3F005082C1 /* net.cpp in Sources */,
				42F69DDF1C31FE3F005082C1 /* main.cpp in Sources */,
				42F69DE11C31FE3F005082C1 /* neuron.cpp in Sources */,
				42F69DE21C31FE3F005082C1 /* poolinglayer.cpp in Sources */,
				42F69DDE1C31FE3F005082C1 /* layer.cpp in Sources */,
			);
			runOnlyForDeploymentPostprocessing = 0;
		};
/* End PBXSourcesBuildPhase section */

/* Begin XCBuildConfiguration section */
		42F69DBC1C31FDAC005082C1 /* Debug */ = {
			isa = XCBuildConfiguration;
			buildSettings = {
				ALWAYS_SEARCH_USER_PATHS = NO;
				CLANG_CXX_LANGUAGE_STANDARD = "gnu++0x";
				CLANG_CXX_LIBRARY = "libc++";
				CLANG_ENABLE_MODULES = YES;
				CLANG_ENABLE_OBJC_ARC = YES;
				CLANG_WARN_BOOL_CONVERSION = YES;
				CLANG_WARN_CONSTANT_CONVERSION = YES;
				CLANG_WARN_DIRECT_OBJC_ISA_USAGE = YES_ERROR;
				CLANG_WARN_EMPTY_BODY = YES;
				CLANG_WARN_ENUM_CONVERSION = YES;
				CLANG_WARN_INT_CONVERSION = YES;
				CLANG_WARN_OBJC_ROOT_CLASS = YES_ERROR;
				CLANG_WARN_UNREACHABLE_CODE = YES;
				CLANG_WARN__DUPLICATE_METHOD_MATCH = YES;
				CODE_SIGN_IDENTITY = "-";
				COPY_PHASE_STRIP = NO;
				DEBUG_INFORMATION_FORMAT = dwarf;
				ENABLE_STRICT_OBJC_MSGSEND = YES;
				ENABLE_TESTABILITY = YES;
				GCC_C_LANGUAGE_STANDARD = gnu99;
				GCC_DYNAMIC_NO_PIC = NO;
				GCC_NO_COMMON_BLOCKS = YES;
				GCC_OPTIMIZATION_LEVEL = 0;
				GCC_PREPROCESSOR_DEFINITIONS = (
					"DEBUG=1",
					"$(inherited)",
				);
				GCC_WARN_64_TO_32_BIT_CONVERSION = YES;
				GCC_WARN_ABOUT_RETURN_TYPE = YES_ERROR;
				GCC_WARN_UNDECLARED_SELECTOR = YES;
				GCC_WARN_UNINITIALIZED_AUTOS = YES_AGGRESSIVE;
				GCC_WARN_UNUSED_FUNCTION = YES;
				GCC_WARN_UNUSED_VARIABLE = YES;
				MACOSX_DEPLOYMENT_TARGET = 10.10;
				MTL_ENABLE_DEBUG_INFO = YES;
				ONLY_ACTIVE_ARCH = YES;
				OTHER_CFLAGS = (
					"-Wall",
					"-Wextra",
					"-Wpedantic",
				);
				OTHER_CPLUSPLUSFLAGS = "$(OTHER_CFLAGS)";
				SDKROOT = macosx;
			};
			name = Debug;
		};
		42F69DBD1C31FDAC005082C1 /* Release */ = {
			isa = XCBuildConfiguration;
			buildSettings = {
				ALWAYS_SEARCH_USER_PATHS = NO;
				CLANG_CXX_LANGUAGE_STANDARD = "gnu++0x";
				CLANG_CXX_LIBRARY = "libc++";
				CLANG_ENABLE_MODULES = YES;
				CLANG_ENABLE_OBJC_ARC = YES;
				CLANG_WARN_BOOL_CONVERSION = YES;
				CLANG_WARN_CONSTANT_CONVERSION = YES;
				CLANG_WARN_DIRECT_OBJC_ISA_USAGE = YES_ERROR;
				CLANG_WARN_EMPTY_BODY = YES;
				CLANG_WARN_ENUM_CONVERSION = YES;
				CLANG_WARN_INT_CONVERSION = YES;
				CLANG_WARN_OBJC_ROOT_CLASS = YES_ERROR;
				CLANG_WARN_UNREACHABLE_CODE = YES;
				CLANG_WARN__DUPLICATE_METHOD_MATCH = YES;
				CODE_SIGN_IDENTITY = "-";
				COPY_PHASE_STRIP = NO;
				DEBUG_INFORMATION_FORMAT = "dwarf-with-dsym";
				ENABLE_NS_ASSERTIONS = NO;
				ENABLE_STRICT_OBJC_MSGSEND = YES;
				GCC_C_LANGUAGE_STANDARD = gnu99;
				GCC_NO_COMMON_BLOCKS = YES;
				GCC_WARN_64_TO_32_BIT_CONVERSION = YES;
				GCC_WARN_ABOUT_RETURN_TYPE = YES_ERROR;
				GCC_WARN_UNDECLARED_SELECTOR = YES;
				GCC_WARN_UNINITIALIZED_AUTOS = YES_AGGRESSIVE;
				GCC_WARN_UNUSED_FUNCTION = YES;
				GCC_WARN_UNUSED_VARIABLE = YES;
				MACOSX_DEPLOYMENT_TARGET = 10.10;
				MTL_ENABLE_DEBUG_INFO = NO;
				OTHER_CFLAGS = (
					"-Wall",
					"-Wextra",
					"-Wpedantic",
				);
				OTHER_CPLUSPLUSFLAGS = "$(OTHER_CFLAGS)";
				SDKROOT = macosx;
			};
			name = Release;
		};
		42F69DBF1C31FDAC005082C1 /* Debug */ = {
			isa = XCBuildConfiguration;
			buildSettings = {
				PRODUCT_NAME = "$(TARGET_NAME)";
			};
			name = Debug;
		};
		42F69DC01C31FDAC005082C1 /* Release */ = {
			isa = XCBuildConfiguration;
			buildSettings = {
				PRODUCT_NAME = "$(TARGET_NAME)";
			};
			name = Release;
		};
/* End XCBuildConfiguration section */

/* Begin XCConfigurationList section */
		42F69DB21C31FDAC005082C1 /* Build configuration list for PBXProject "ConvolutionalNeuralNetwork" */ = {
			isa = XCConfigurationList;
			buildConfigurations = (
				42F69DBC1C31FDAC005082C1 /* Debug */,
				42F69DBD1C31FDAC005082C1 /* Release */,
			);
			defaultConfigurationIsVisible = 0;
			defaultConfigurationName = Release;
		};
		42F69DBE1C31FDAC005082C1 /* Build configuration list for PBXNativeTarget "ConvolutionalNeuralNetwork" */ = {
			isa = XCConfigurationList;
			buildConfigurations = (
				42F69DBF1C31FDAC005082C1 /* Debug */,
				42F69DC01C31FDAC005082C1 /* Release */,
			);
			defaultConfigurationIsVisible = 0;
			defaultConfigurationName = Release;
		};
/* End XCConfigurationList section */
	};
	rootObject = 42F69DAF1C31FDAC005082C1 /* Project object */;
}
